
Microsoft Visual Studio Solution File, Format Version 11.00
# Visual Studio 2010
Project("{FAE04EC0-301F-11D3-BF4B-00C04F79EFBC}") = "Assembly-CSharp", "Assembly-CSharp.csproj", "{C3650F40-A0D5-1AD3-2F74-DAFEEED4ECDD}"
EndProject
Global
	GlobalSection(SolutionConfigurationPlatforms) = preSolution
		Debug|Any CPU = Debug|Any CPU
		Release|Any CPU = Release|Any CPU
	EndGlobalSection
	GlobalSection(ProjectConfigurationPlatforms) = postSolution
		{C3650F40-A0D5-1AD3-2F74-DAFEEED4ECDD}.Debug|Any CPU.ActiveCfg = Debug|Any CPU
		{C3650F40-A0D5-1AD3-2F74-DAFEEED4ECDD}.Debug|Any CPU.Build.0 = Debug|Any CPU
		{C3650F40-A0D5-1AD3-2F74-DAFEEED4ECDD}.Release|Any CPU.ActiveCfg = Release|Any CPU
		{C3650F40-A0D5-1AD3-2F74-DAFEEED4ECDD}.Release|Any CPU.Build.0 = Release|Any CPU
	EndGlobalSection
	GlobalSection(SolutionProperties) = preSolution
		HideSolutionNode = FALSE
	EndGlobalSection
EndGlobal
